
Microsoft Visual Studio Solution File, Format Version 12.00
# Visual Studio 15
VisualStudioVersion = 15.0.28010.2050
MinimumVisualStudioVersion = 10.0.40219.1
Project("{FAE04EC0-301F-11D3-BF4B-00C04F79EFBC}") = "GOT", "GOT\GOT.csproj", "{1AB30029-9F8F-47B6-8585-B90DB31FBF0B}"
EndProject
Global
	GlobalSection(SolutionConfigurationPlatforms) = preSolution
		Debug|Any CPU = Debug|Any CPU
		Release|Any CPU = Release|Any CPU
	EndGlobalSection
	GlobalSection(ProjectConfigurationPlatforms) = postSolution
		{1AB30029-9F8F-47B6-8585-B90DB31FBF0B}.Debug|Any CPU.ActiveCfg = Debug|Any CPU
		{1AB30029-9F8F-47B6-8585-B90DB31FBF0B}.Debug|Any CPU.Build.0 = Debug|Any CPU
		{1AB30029-9F8F-47B6-8585-B90DB31FBF0B}.Release|Any CPU.ActiveCfg = Release|Any CPU
		{1AB30029-9F8F-47B6-8585-B90DB31FBF0B}.Release|Any CPU.Build.0 = Release|Any CPU
	EndGlobalSection
	GlobalSection(SolutionProperties) = preSolution
		HideSolutionNode = FALSE
	EndGlobalSection
	GlobalSection(ExtensibilityGlobals) = postSolution
		SolutionGuid = {9757BACE-FE17-4E8E-B58D-55942A054ED6}
	EndGlobalSection
EndGlobal
